
Microsoft Visual Studio Solution File, Format Version 12.00
# Visual Studio 15
VisualStudioVersion = 15.0.27703.2047
MinimumVisualStudioVersion = 10.0.40219.1
Project("{FAE04EC0-301F-11D3-BF4B-00C04F79EFBC}") = "Billioner", "Billioner\Billioner.csproj", "{EC86C5C8-3B30-4335-8957-A80119CCC634}"
EndProject
Global
	GlobalSection(SolutionConfigurationPlatforms) = preSolution
		Debug|Any CPU = Debug|Any CPU
		Release|Any CPU = Release|Any CPU
	EndGlobalSection
	GlobalSection(ProjectConfigurationPlatforms) = postSolution
		{EC86C5C8-3B30-4335-8957-A80119CCC634}.Debug|Any CPU.ActiveCfg = Debug|Any CPU
		{EC86C5C8-3B30-4335-8957-A80119CCC634}.Debug|Any CPU.Build.0 = Debug|Any CPU
		{EC86C5C8-3B30-4335-8957-A80119CCC634}.Release|Any CPU.ActiveCfg = Release|Any CPU
		{EC86C5C8-3B30-4335-8957-A80119CCC634}.Release|Any CPU.Build.0 = Release|Any CPU
	EndGlobalSection
	GlobalSection(SolutionProperties) = preSolution
		HideSolutionNode = FALSE
	EndGlobalSection
	GlobalSection(ExtensibilityGlobals) = postSolution
		SolutionGuid = {2F816BBB-FA3F-4B92-8BAF-37A569AAF884}
	EndGlobalSection
EndGlobal
